
Microsoft Visual Studio Solution File, Format Version 12.00
# Visual Studio Version 17
VisualStudioVersion = 17.10.35004.147
MinimumVisualStudioVersion = 10.0.40219.1
Project("{9A19103F-16F7-4668-BE54-9A1E7A4F7556}") = "Dataprovider", "Dataprovider\Dataprovider.csproj", "{9C88B016-B3A8-4D96-9E9B-5D577BBA1E5C}"
EndProject
Project("{2150E333-8FDC-42A3-9474-1A3956D46DE8}") = "Solution Items", "Solution Items", "{E5C4B367-6B11-4B52-AF42-20D3D9D5DE4A}"
	ProjectSection(SolutionItems) = preProject
		.editorconfig = .editorconfig
	EndProjectSection
EndProject
Project("{9A19103F-16F7-4668-BE54-9A1E7A4F7556}") = "DanceApp", "DanceApp\DanceApp.csproj", "{513C7C12-CA3E-4219-8EDE-38ECA9C0080F}"
EndProject
Global
	GlobalSection(SolutionConfigurationPlatforms) = preSolution
		Debug|Any CPU = Debug|Any CPU
		Release|Any CPU = Release|Any CPU
	EndGlobalSection
	GlobalSection(ProjectConfigurationPlatforms) = postSolution
		{9C88B016-B3A8-4D96-9E9B-5D577BBA1E5C}.Debug|Any CPU.ActiveCfg = Debug|Any CPU
		{9C88B016-B3A8-4D96-9E9B-5D577BBA1E5C}.Debug|Any CPU.Build.0 = Debug|Any CPU
		{9C88B016-B3A8-4D96-9E9B-5D577BBA1E5C}.Release|Any CPU.ActiveCfg = Release|Any CPU
		{9C88B016-B3A8-4D96-9E9B-5D577BBA1E5C}.Release|Any CPU.Build.0 = Release|Any CPU
		{513C7C12-CA3E-4219-8EDE-38ECA9C0080F}.Debug|Any CPU.ActiveCfg = Debug|Any CPU
		{513C7C12-CA3E-4219-8EDE-38ECA9C0080F}.Debug|Any CPU.Build.0 = Debug|Any CPU
		{513C7C12-CA3E-4219-8EDE-38ECA9C0080F}.Release|Any CPU.ActiveCfg = Release|Any CPU
		{513C7C12-CA3E-4219-8EDE-38ECA9C0080F}.Release|Any CPU.Build.0 = Release|Any CPU
	EndGlobalSection
	GlobalSection(SolutionProperties) = preSolution
		HideSolutionNode = FALSE
	EndGlobalSection
	GlobalSection(ExtensibilityGlobals) = postSolution
		SolutionGuid = {5F82E02E-8AF2-497E-B410-FB9DFFC7B388}
	EndGlobalSection
EndGlobal
